// !$*UTF8*$!
{
	archiveVersion = 1;
	classes = {
	};
	objectVersion = 46;
	objects = {

/* Begin PBXGroup section */
		B6AEED781F5A15210093CE9B = {
			isa = PBXGroup;
			children = (
			);
			sourceTree = "<group>";
		};
/* End PBXGroup section */

/* Begin PBXProject section */
		B6AEED791F5A15210093CE9B /* Project object */ = {
			isa = PBXProject;
			attributes = {
				LastUpgradeCheck = 0510;
			};
			buildConfigurationList = B6AEED7C1F5A15210093CE9B /* Build configuration list for PBXProject "WendysWebsite" */;
			compatibilityVersion = "Xcode 3.2";
			developmentRegion = English;
			hasScannedForEncodings = 0;
			knownRegions = (
				en,
			);
			mainGroup = B6AEED781F5A15210093CE9B;
			projectDirPath = "";
			projectRoot = "";
			targets = (
			);
		};
/* End PBXProject section */

/* Begin XCBuildConfiguration section */
		B6AEED7D1F5A15210093CE9B /* Debug */ = {
			isa = XCBuildConfiguration;
			buildSettings = {
			};
			name = Debug;
		};
		B6AEED7E1F5A15210093CE9B /* Release */ = {
			isa = XCBuildConfiguration;
			buildSettings = {
			};
			name = Release;
		};
/* End XCBuildConfiguration section */

/* Begin XCConfigurationList section */
		B6AEED7C1F5A15210093CE9B /* Build configuration list for PBXProject "WendysWebsite" */ = {
			isa = XCConfigurationList;
			buildConfigurations = (
				B6AEED7D1F5A15210093CE9B /* Debug */,
				B6AEED7E1F5A15210093CE9B /* Release */,
			);
			defaultConfigurationIsVisible = 0;
			defaultConfigurationName = Release;
		};
/* End XCConfigurationList section */
	};
	rootObject = B6AEED791F5A15210093CE9B /* Project object */;
}
